// !$*UTF8*$!
{
	archiveVersion = 1;
	classes = {
	};
	objectVersion = 55;
	objects = {

/* Begin PBXBuildFile section */
		82AA1D5327F7927800FC9229 /* ComicsCollectionViewController.swift in Sources */ = {isa = PBXBuildFile; fileRef = 82AA1D5227F7927800FC9229 /* ComicsCollectionViewController.swift */; };
		82AA1D5527F792B400FC9229 /* ComicsDetailsViewController.swift in Sources */ = {isa = PBXBuildFile; fileRef = 82AA1D5427F792B400FC9229 /* ComicsDetailsViewController.swift */; };
		82AA1D5D27F793E800FC9229 /* SwiftyJSON in Frameworks */ = {isa = PBXBuildFile; productRef = 82AA1D5C27F793E800FC9229 /* SwiftyJSON */; };
		82AA1D7427F8A77100FC9229 /* LoadingCollectionView.swift in Sources */ = {isa = PBXBuildFile; fileRef = 82AA1D7327F8A77100FC9229 /* LoadingCollectionView.swift */; };
		82AA1D7727F8A79400FC9229 /* LoadingCollectionView.xib in Resources */ = {isa = PBXBuildFile; fileRef = 82AA1D7627F8A79400FC9229 /* LoadingCollectionView.xib */; };
		82AA1D7927F8A80C00FC9229 /* ComicsCollectionViewCell.swift in Sources */ = {isa = PBXBuildFile; fileRef = 82AA1D7827F8A80C00FC9229 /* ComicsCollectionViewCell.swift */; };
		82AA1D7C27F8A81C00FC9229 /* ComicsCollectionViewCell.xib in Resources */ = {isa = PBXBuildFile; fileRef = 82AA1D7B27F8A81C00FC9229 /* ComicsCollectionViewCell.xib */; };
		82AAE06A27F7630900494AD0 /* StickyDetailHeaderView.swift in Sources */ = {isa = PBXBuildFile; fileRef = 82AAE06927F7630900494AD0 /* StickyDetailHeaderView.swift */; };
		82AAE06C27F7729900494AD0 /* StickyDetailHeaderView.xib in Resources */ = {isa = PBXBuildFile; fileRef = 82AAE06B27F7729900494AD0 /* StickyDetailHeaderView.xib */; };
		82F6E3FB27F4C92B004B4E15 /* AppDelegate.swift in Sources */ = {isa = PBXBuildFile; fileRef = 82F6E3FA27F4C92B004B4E15 /* AppDelegate.swift */; };
		82F6E3FD27F4C92B004B4E15 /* SceneDelegate.swift in Sources */ = {isa = PBXBuildFile; fileRef = 82F6E3FC27F4C92B004B4E15 /* SceneDelegate.swift */; };
		82F6E3FF27F4C92B004B4E15 /* ComicsTableViewController.swift in Sources */ = {isa = PBXBuildFile; fileRef = 82F6E3FE27F4C92B004B4E15 /* ComicsTableViewController.swift */; };
		82F6E40227F4C92B004B4E15 /* Main.storyboard in Resources */ = {isa = PBXBuildFile; fileRef = 82F6E40027F4C92B004B4E15 /* Main.storyboard */; };
		82F6E40427F4C92C004B4E15 /* Assets.xcassets in Resources */ = {isa = PBXBuildFile; fileRef = 82F6E40327F4C92C004B4E15 /* Assets.xcassets */; };
		82F6E40727F4C92C004B4E15 /* LaunchScreen.storyboard in Resources */ = {isa = PBXBuildFile; fileRef = 82F6E40527F4C92C004B4E15 /* LaunchScreen.storyboard */; };
		82F6E40F27F4C93C004B4E15 /* Character.swift in Sources */ = {isa = PBXBuildFile; fileRef = 82F6E40E27F4C93C004B4E15 /* Character.swift */; };
		82F6E41127F4C9B6004B4E15 /* ComicsViewModel.swift in Sources */ = {isa = PBXBuildFile; fileRef = 82F6E41027F4C9B6004B4E15 /* ComicsViewModel.swift */; };
		82F6E41A27F4E8EB004B4E15 /* LoadingTableViewCell.swift in Sources */ = {isa = PBXBuildFile; fileRef = 82F6E41927F4E8EB004B4E15 /* LoadingTableViewCell.swift */; };
		82F6E41C27F50F03004B4E15 /* LoadingTableViewCell.xib in Resources */ = {isa = PBXBuildFile; fileRef = 82F6E41B27F50F03004B4E15 /* LoadingTableViewCell.xib */; };
		82F6E41E27F5259F004B4E15 /* ComicsTableViewCell.xib in Resources */ = {isa = PBXBuildFile; fileRef = 82F6E41D27F5259F004B4E15 /* ComicsTableViewCell.xib */; };
		82F6E42027F525A6004B4E15 /* ComicsTableViewCell.swift in Sources */ = {isa = PBXBuildFile; fileRef = 82F6E41F27F525A6004B4E15 /* ComicsTableViewCell.swift */; };
/* End PBXBuildFile section */

/* Begin PBXFileReference section */
		82AA1D5227F7927800FC9229 /* ComicsCollectionViewController.swift */ = {isa = PBXFileReference; lastKnownFileType = sourcecode.swift; path = ComicsCollectionViewController.swift; sourceTree = "<group>"; };
		82AA1D5427F792B400FC9229 /* ComicsDetailsViewController.swift */ = {isa = PBXFileReference; lastKnownFileType = sourcecode.swift; path = ComicsDetailsViewController.swift; sourceTree = "<group>"; };
		82AA1D7327F8A77100FC9229 /* LoadingCollectionView.swift */ = {isa = PBXFileReference; lastKnownFileType = sourcecode.swift; path = LoadingCollectionView.swift; sourceTree = "<group>"; };
		82AA1D7627F8A79400FC9229 /* LoadingCollectionView.xib */ = {isa = PBXFileReference; lastKnownFileType = file.xib; path = LoadingCollectionView.xib; sourceTree = "<group>"; };
		82AA1D7827F8A80C00FC9229 /* ComicsCollectionViewCell.swift */ = {isa = PBXFileReference; lastKnownFileType = sourcecode.swift; path = ComicsCollectionViewCell.swift; sourceTree = "<group>"; };
		82AA1D7B27F8A81C00FC9229 /* ComicsCollectionViewCell.xib */ = {isa = PBXFileReference; lastKnownFileType = file.xib; path = ComicsCollectionViewCell.xib; sourceTree = "<group>"; };
		82AAE06927F7630900494AD0 /* StickyDetailHeaderView.swift */ = {isa = PBXFileReference; lastKnownFileType = sourcecode.swift; path = StickyDetailHeaderView.swift; sourceTree = "<group>"; };
		82AAE06B27F7729900494AD0 /* StickyDetailHeaderView.xib */ = {isa = PBXFileReference; lastKnownFileType = file.xib; path = StickyDetailHeaderView.xib; sourceTree = "<group>"; };
		82F6E3F727F4C92B004B4E15 /* ComicsVineApp.app */ = {isa = PBXFileReference; explicitFileType = wrapper.application; includeInIndex = 0; path = ComicsVineApp.app; sourceTree = BUILT_PRODUCTS_DIR; };
		82F6E3FA27F4C92B004B4E15 /* AppDelegate.swift */ = {isa = PBXFileReference; lastKnownFileType = sourcecode.swift; path = AppDelegate.swift; sourceTree = "<group>"; };
		82F6E3FC27F4C92B004B4E15 /* SceneDelegate.swift */ = {isa = PBXFileReference; lastKnownFileType = sourcecode.swift; path = SceneDelegate.swift; sourceTree = "<group>"; };
		82F6E3FE27F4C92B004B4E15 /* ComicsTableViewController.swift */ = {isa = PBXFileReference; lastKnownFileType = sourcecode.swift; path = ComicsTableViewController.swift; sourceTree = "<group>"; };
		82F6E40127F4C92B004B4E15 /* Base */ = {isa = PBXFileReference; lastKnownFileType = file.storyboard; name = Base; path = Base.lproj/Main.storyboard; sourceTree = "<group>"; };
		82F6E40327F4C92C004B4E15 /* Assets.xcassets */ = {isa = PBXFileReference; lastKnownFileType = folder.assetcatalog; path = Assets.xcassets; sourceTree = "<group>"; };
		82F6E40627F4C92C004B4E15 /* Base */ = {isa = PBXFileReference; lastKnownFileType = file.storyboard; name = Base; path = Base.lproj/LaunchScreen.storyboard; sourceTree = "<group>"; };
		82F6E40827F4C92C004B4E15 /* Info.plist */ = {isa = PBXFileReference; lastKnownFileType = text.plist.xml; path = Info.plist; sourceTree = "<group>"; };
		82F6E40E27F4C93C004B4E15 /* Character.swift */ = {isa = PBXFileReference; lastKnownFileType = sourcecode.swift; path = Character.swift; sourceTree = "<group>"; };
		82F6E41027F4C9B6004B4E15 /* ComicsViewModel.swift */ = {isa = PBXFileReference; lastKnownFileType = sourcecode.swift; path = ComicsViewModel.swift; sourceTree = "<group>"; };
		82F6E41227F4CA7D004B4E15 /* Config.xcconfig */ = {isa = PBXFileReference; lastKnownFileType = text.xcconfig; path = Config.xcconfig; sourceTree = "<group>"; };
		82F6E41927F4E8EB004B4E15 /* LoadingTableViewCell.swift */ = {isa = PBXFileReference; lastKnownFileType = sourcecode.swift; path = LoadingTableViewCell.swift; sourceTree = "<group>"; };
		82F6E41B27F50F03004B4E15 /* LoadingTableViewCell.xib */ = {isa = PBXFileReference; lastKnownFileType = file.xib; path = LoadingTableViewCell.xib; sourceTree = "<group>"; };
		82F6E41D27F5259F004B4E15 /* ComicsTableViewCell.xib */ = {isa = PBXFileReference; lastKnownFileType = file.xib; path = ComicsTableViewCell.xib; sourceTree = "<group>"; };
		82F6E41F27F525A6004B4E15 /* ComicsTableViewCell.swift */ = {isa = PBXFileReference; lastKnownFileType = sourcecode.swift; path = ComicsTableViewCell.swift; sourceTree = "<group>"; };
/* End PBXFileReference section */

/* Begin PBXFrameworksBuildPhase section */
		82F6E3F427F4C92B004B4E15 /* Frameworks */ = {
			isa = PBXFrameworksBuildPhase;
			buildActionMask = 2147483647;
			files = (
				82AA1D5D27F793E800FC9229 /* SwiftyJSON in Frameworks */,
			);
			runOnlyForDeploymentPostprocessing = 0;
		};
/* End PBXFrameworksBuildPhase section */

/* Begin PBXGroup section */
		82AA1D3A27F78FA300FC9229 /* Storyboards */ = {
			isa = PBXGroup;
			children = (
				82F6E40027F4C92B004B4E15 /* Main.storyboard */,
				82F6E40527F4C92C004B4E15 /* LaunchScreen.storyboard */,
			);
			path = Storyboards;
			sourceTree = "<group>";
		};
		82AA1D7227F8A43100FC9229 /* StickyDetailHeader */ = {
			isa = PBXGroup;
			children = (
				82AAE06927F7630900494AD0 /* StickyDetailHeaderView.swift */,
				82AAE06B27F7729900494AD0 /* StickyDetailHeaderView.xib */,
			);
			path = StickyDetailHeader;
			sourceTree = "<group>";
		};
		82AA1D7527F8A77E00FC9229 /* LoadingCollectionView */ = {
			isa = PBXGroup;
			children = (
				82AA1D7327F8A77100FC9229 /* LoadingCollectionView.swift */,
				82AA1D7627F8A79400FC9229 /* LoadingCollectionView.xib */,
			);
			path = LoadingCollectionView;
			sourceTree = "<group>";
		};
		82AA1D7A27F8A80F00FC9229 /* ComicsCollectionViewCell */ = {
			isa = PBXGroup;
			children = (
				82AA1D7827F8A80C00FC9229 /* ComicsCollectionViewCell.swift */,
				82AA1D7B27F8A81C00FC9229 /* ComicsCollectionViewCell.xib */,
			);
			path = ComicsCollectionViewCell;
			sourceTree = "<group>";
		};
		82F6E3EE27F4C92B004B4E15 = {
			isa = PBXGroup;
			children = (
				82F6E3F927F4C92B004B4E15 /* ComicsVineApp */,
				82F6E3F827F4C92B004B4E15 /* Products */,
			);
			sourceTree = "<group>";
		};
		82F6E3F827F4C92B004B4E15 /* Products */ = {
			isa = PBXGroup;
			children = (
				82F6E3F727F4C92B004B4E15 /* ComicsVineApp.app */,
			);
			name = Products;
			sourceTree = "<group>";
		};
		82F6E3F927F4C92B004B4E15 /* ComicsVineApp */ = {
			isa = PBXGroup;
			children = (
				82F6E40827F4C92C004B4E15 /* Info.plist */,
				82F6E3FA27F4C92B004B4E15 /* AppDelegate.swift */,
				82F6E3FC27F4C92B004B4E15 /* SceneDelegate.swift */,
				82AA1D3A27F78FA300FC9229 /* Storyboards */,
				82F6E41327F4E47D004B4E15 /* Controller */,
				82F6E41627F4E726004B4E15 /* View */,
				82F6E41427F4E709004B4E15 /* Model */,
				82F6E41527F4E712004B4E15 /* ViewModel */,
				82F6E40327F4C92C004B4E15 /* Assets.xcassets */,
				82F6E41227F4CA7D004B4E15 /* Config.xcconfig */,
			);
			path = ComicsVineApp;
			sourceTree = "<group>";
		};
		82F6E41327F4E47D004B4E15 /* Controller */ = {
			isa = PBXGroup;
			children = (
				82F6E3FE27F4C92B004B4E15 /* ComicsTableViewController.swift */,
				82AA1D5227F7927800FC9229 /* ComicsCollectionViewController.swift */,
				82AA1D5427F792B400FC9229 /* ComicsDetailsViewController.swift */,
			);
			path = Controller;
			sourceTree = "<group>";
		};
		82F6E41427F4E709004B4E15 /* Model */ = {
			isa = PBXGroup;
			children = (
				82F6E40E27F4C93C004B4E15 /* Character.swift */,
			);
			path = Model;
			sourceTree = "<group>";
		};
		82F6E41527F4E712004B4E15 /* ViewModel */ = {
			isa = PBXGroup;
			children = (
				82F6E41027F4C9B6004B4E15 /* ComicsViewModel.swift */,
			);
			path = ViewModel;
			sourceTree = "<group>";
		};
		82F6E41627F4E726004B4E15 /* View */ = {
			isa = PBXGroup;
			children = (
				82AA1D7227F8A43100FC9229 /* StickyDetailHeader */,
				82F6E42127F525AE004B4E15 /* ComicsTableViewCell */,
				82AA1D7A27F8A80F00FC9229 /* ComicsCollectionViewCell */,
				82F6E42227F525B9004B4E15 /* LoadingTableViewCell */,
				82AA1D7527F8A77E00FC9229 /* LoadingCollectionView */,
			);
			path = View;
			sourceTree = "<group>";
		};
		82F6E42127F525AE004B4E15 /* ComicsTableViewCell */ = {
			isa = PBXGroup;
			children = (
				82F6E41F27F525A6004B4E15 /* ComicsTableViewCell.swift */,
				82F6E41D27F5259F004B4E15 /* ComicsTableViewCell.xib */,
			);
			path = ComicsTableViewCell;
			sourceTree = "<group>";
		};
		82F6E42227F525B9004B4E15 /* LoadingTableViewCell */ = {
			isa = PBXGroup;
			children = (
				82F6E41927F4E8EB004B4E15 /* LoadingTableViewCell.swift */,
				82F6E41B27F50F03004B4E15 /* LoadingTableViewCell.xib */,
			);
			path = LoadingTableViewCell;
			sourceTree = "<group>";
		};
/* End PBXGroup section */

/* Begin PBXNativeTarget section */
		82F6E3F627F4C92B004B4E15 /* ComicsVineApp */ = {
			isa = PBXNativeTarget;
			buildConfigurationList = 82F6E40B27F4C92C004B4E15 /* Build configuration list for PBXNativeTarget "ComicsVineApp" */;
			buildPhases = (
				82F6E3F327F4C92B004B4E15 /* Sources */,
				82F6E3F427F4C92B004B4E15 /* Frameworks */,
				82F6E3F527F4C92B004B4E15 /* Resources */,
			);
			buildRules = (
			);
			dependencies = (
			);
			name = ComicsVineApp;
			packageProductDependencies = (
				82AA1D5C27F793E800FC9229 /* SwiftyJSON */,
			);
			productName = ComicsVineApp;
			productReference = 82F6E3F727F4C92B004B4E15 /* ComicsVineApp.app */;
			productType = "com.apple.product-type.application";
		};
/* End PBXNativeTarget section */

/* Begin PBXProject section */
		82F6E3EF27F4C92B004B4E15 /* Project object */ = {
			isa = PBXProject;
			attributes = {
				BuildIndependentTargetsInParallel = 1;
				LastSwiftUpdateCheck = 1330;
				LastUpgradeCheck = 1330;
				TargetAttributes = {
					82F6E3F627F4C92B004B4E15 = {
						CreatedOnToolsVersion = 13.3;
					};
				};
			};
			buildConfigurationList = 82F6E3F227F4C92B004B4E15 /* Build configuration list for PBXProject "ComicsVineApp" */;
			compatibilityVersion = "Xcode 13.0";
			developmentRegion = en;
			hasScannedForEncodings = 0;
			knownRegions = (
				en,
				Base,
			);
			mainGroup = 82F6E3EE27F4C92B004B4E15;
			packageReferences = (
				82AA1D5B27F793E800FC9229 /* XCRemoteSwiftPackageReference "SwiftyJSON" */,
			);
			productRefGroup = 82F6E3F827F4C92B004B4E15 /* Products */;
			projectDirPath = "";
			projectRoot = "";
			targets = (
				82F6E3F627F4C92B004B4E15 /* ComicsVineApp */,
			);
		};
/* End PBXProject section */

/* Begin PBXResourcesBuildPhase section */
		82F6E3F527F4C92B004B4E15 /* Resources */ = {
			isa = PBXResourcesBuildPhase;
			buildActionMask = 2147483647;
			files = (
				82F6E40727F4C92C004B4E15 /* LaunchScreen.storyboard in Resources */,
				82F6E40427F4C92C004B4E15 /* Assets.xcassets in Resources */,
				82AA1D7C27F8A81C00FC9229 /* ComicsCollectionViewCell.xib in Resources */,
				82AA1D7727F8A79400FC9229 /* LoadingCollectionView.xib in Resources */,
				82F6E41C27F50F03004B4E15 /* LoadingTableViewCell.xib in Resources */,
				82F6E40227F4C92B004B4E15 /* Main.storyboard in Resources */,
				82AAE06C27F7729900494AD0 /* StickyDetailHeaderView.xib in Resources */,
				82F6E41E27F5259F004B4E15 /* ComicsTableViewCell.xib in Resources */,
			);
			runOnlyForDeploymentPostprocessing = 0;
		};
/* End PBXResourcesBuildPhase section */

/* Begin PBXSourcesBuildPhase section */
		82F6E3F327F4C92B004B4E15 /* Sources */ = {
			isa = PBXSourcesBuildPhase;
			buildActionMask = 2147483647;
			files = (
				82F6E3FF27F4C92B004B4E15 /* ComicsTableViewController.swift in Sources */,
				82F6E42027F525A6004B4E15 /* ComicsTableViewCell.swift in Sources */,
				82F6E3FB27F4C92B004B4E15 /* AppDelegate.swift in Sources */,
				82AA1D5527F792B400FC9229 /* ComicsDetailsViewController.swift in Sources */,
				82AA1D7927F8A80C00FC9229 /* ComicsCollectionViewCell.swift in Sources */,
				82AAE06A27F7630900494AD0 /* StickyDetailHeaderView.swift in Sources */,
				82F6E3FD27F4C92B004B4E15 /* SceneDelegate.swift in Sources */,
				82AA1D7427F8A77100FC9229 /* LoadingCollectionView.swift in Sources */,
				82F6E41127F4C9B6004B4E15 /* ComicsViewModel.swift in Sources */,
				82F6E41A27F4E8EB004B4E15 /* LoadingTableViewCell.swift in Sources */,
				82F6E40F27F4C93C004B4E15 /* Character.swift in Sources */,
				82AA1D5327F7927800FC9229 /* ComicsCollectionViewController.swift in Sources */,
			);
			runOnlyForDeploymentPostprocessing = 0;
		};
/* End PBXSourcesBuildPhase section */

/* Begin PBXVariantGroup section */
		82F6E40027F4C92B004B4E15 /* Main.storyboard */ = {
			isa = PBXVariantGroup;
			children = (
				82F6E40127F4C92B004B4E15 /* Base */,
			);
			name = Main.storyboard;
			sourceTree = "<group>";
		};
		82F6E40527F4C92C004B4E15 /* LaunchScreen.storyboard */ = {
			isa = PBXVariantGroup;
			children = (
				82F6E40627F4C92C004B4E15 /* Base */,
			);
			name = LaunchScreen.storyboard;
			sourceTree = "<group>";
		};
/* End PBXVariantGroup section */

/* Begin XCBuildConfiguration section */
		82F6E40927F4C92C004B4E15 /* Debug */ = {
			isa = XCBuildConfiguration;
			baseConfigurationReference = 82F6E41227F4CA7D004B4E15 /* Config.xcconfig */;
			buildSettings = {
				ALWAYS_SEARCH_USER_PATHS = NO;
				CLANG_ANALYZER_NONNULL = YES;
				CLANG_ANALYZER_NUMBER_OBJECT_CONVERSION = YES_AGGRESSIVE;
				CLANG_CXX_LANGUAGE_STANDARD = "gnu++17";
				CLANG_ENABLE_MODULES = YES;
				CLANG_ENABLE_OBJC_ARC = YES;
				CLANG_ENABLE_OBJC_WEAK = YES;
				CLANG_WARN_BLOCK_CAPTURE_AUTORELEASING = YES;
				CLANG_WARN_BOOL_CONVERSION = YES;
				CLANG_WARN_COMMA = YES;
				CLANG_WARN_CONSTANT_CONVERSION = YES;
				CLANG_WARN_DEPRECATED_OBJC_IMPLEMENTATIONS = YES;
				CLANG_WARN_DIRECT_OBJC_ISA_USAGE = YES_ERROR;
				CLANG_WARN_DOCUMENTATION_COMMENTS = YES;
				CLANG_WARN_EMPTY_BODY = YES;
				CLANG_WARN_ENUM_CONVERSION = YES;
				CLANG_WARN_INFINITE_RECURSION = YES;
				CLANG_WARN_INT_CONVERSION = YES;
				CLANG_WARN_NON_LITERAL_NULL_CONVERSION = YES;
				CLANG_WARN_OBJC_IMPLICIT_RETAIN_SELF = YES;
				CLANG_WARN_OBJC_LITERAL_CONVERSION = YES;
				CLANG_WARN_OBJC_ROOT_CLASS = YES_ERROR;
				CLANG_WARN_QUOTED_INCLUDE_IN_FRAMEWORK_HEADER = YES;
				CLANG_WARN_RANGE_LOOP_ANALYSIS = YES;
				CLANG_WARN_STRICT_PROTOTYPES = YES;
				CLANG_WARN_SUSPICIOUS_MOVE = YES;
				CLANG_WARN_UNGUARDED_AVAILABILITY = YES_AGGRESSIVE;
				CLANG_WARN_UNREACHABLE_CODE = YES;
				CLANG_WARN__DUPLICATE_METHOD_MATCH = YES;
				COPY_PHASE_STRIP = NO;
				DEBUG_INFORMATION_FORMAT = dwarf;
				ENABLE_STRICT_OBJC_MSGSEND = YES;
				ENABLE_TESTABILITY = YES;
				GCC_C_LANGUAGE_STANDARD = gnu11;
				GCC_DYNAMIC_NO_PIC = NO;
				GCC_NO_COMMON_BLOCKS = YES;
				GCC_OPTIMIZATION_LEVEL = 0;
				GCC_PREPROCESSOR_DEFINITIONS = (
					"DEBUG=1",
					"$(inherited)",
				);
				GCC_WARN_64_TO_32_BIT_CONVERSION = YES;
				GCC_WARN_ABOUT_RETURN_TYPE = YES_ERROR;
				GCC_WARN_UNDECLARED_SELECTOR = YES;
				GCC_WARN_UNINITIALIZED_AUTOS = YES_AGGRESSIVE;
				GCC_WARN_UNUSED_FUNCTION = YES;
				GCC_WARN_UNUSED_VARIABLE = YES;
				IPHONEOS_DEPLOYMENT_TARGET = 15.4;
				MTL_ENABLE_DEBUG_INFO = INCLUDE_SOURCE;
				MTL_FAST_MATH = YES;
				ONLY_ACTIVE_ARCH = YES;
				SDKROOT = iphoneos;
				SWIFT_ACTIVE_COMPILATION_CONDITIONS = DEBUG;
				SWIFT_OPTIMIZATION_LEVEL = "-Onone";
			};
			name = Debug;
		};
		82F6E40A27F4C92C004B4E15 /* Release */ = {
			isa = XCBuildConfiguration;
			baseConfigurationReference = 82F6E41227F4CA7D004B4E15 /* Config.xcconfig */;
			buildSettings = {
				ALWAYS_SEARCH_USER_PATHS = NO;
				CLANG_ANALYZER_NONNULL = YES;
				CLANG_ANALYZER_NUMBER_OBJECT_CONVERSION = YES_AGGRESSIVE;
				CLANG_CXX_LANGUAGE_STANDARD = "gnu++17";
				CLANG_ENABLE_MODULES = YES;
				CLANG_ENABLE_OBJC_ARC = YES;
				CLANG_ENABLE_OBJC_WEAK = YES;
				CLANG_WARN_BLOCK_CAPTURE_AUTORELEASING = YES;
				CLANG_WARN_BOOL_CONVERSION = YES;
				CLANG_WARN_COMMA = YES;
				CLANG_WARN_CONSTANT_CONVERSION = YES;
				CLANG_WARN_DEPRECATED_OBJC_IMPLEMENTATIONS = YES;
				CLANG_WARN_DIRECT_OBJC_ISA_USAGE = YES_ERROR;
				CLANG_WARN_DOCUMENTATION_COMMENTS = YES;
				CLANG_WARN_EMPTY_BODY = YES;
				CLANG_WARN_ENUM_CONVERSION = YES;
				CLANG_WARN_INFINITE_RECURSION = YES;
				CLANG_WARN_INT_CONVERSION = YES;
				CLANG_WARN_NON_LITERAL_NULL_CONVERSION = YES;
				CLANG_WARN_OBJC_IMPLICIT_RETAIN_SELF = YES;
				CLANG_WARN_OBJC_LITERAL_CONVERSION = YES;
				CLANG_WARN_OBJC_ROOT_CLASS = YES_ERROR;
				CLANG_WARN_QUOTED_INCLUDE_IN_FRAMEWORK_HEADER = YES;
				CLANG_WARN_RANGE_LOOP_ANALYSIS = YES;
				CLANG_WARN_STRICT_PROTOTYPES = YES;
				CLANG_WARN_SUSPICIOUS_MOVE = YES;
				CLANG_WARN_UNGUARDED_AVAILABILITY = YES_AGGRESSIVE;
				CLANG_WARN_UNREACHABLE_CODE = YES;
				CLANG_WARN__DUPLICATE_METHOD_MATCH = YES;
				COPY_PHASE_STRIP = NO;
				DEBUG_INFORMATION_FORMAT = "dwarf-with-dsym";
				ENABLE_NS_ASSERTIONS = NO;
				ENABLE_STRICT_OBJC_MSGSEND = YES;
				GCC_C_LANGUAGE_STANDARD = gnu11;
				GCC_NO_COMMON_BLOCKS = YES;
				GCC_WARN_64_TO_32_BIT_CONVERSION = YES;
				GCC_WARN_ABOUT_RETURN_TYPE = YES_ERROR;
				GCC_WARN_UNDECLARED_SELECTOR = YES;
				GCC_WARN_UNINITIALIZED_AUTOS = YES_AGGRESSIVE;
				GCC_WARN_UNUSED_FUNCTION = YES;
				GCC_WARN_UNUSED_VARIABLE = YES;
				IPHONEOS_DEPLOYMENT_TARGET = 15.4;
				MTL_ENABLE_DEBUG_INFO = NO;
				MTL_FAST_MATH = YES;
				SDKROOT = iphoneos;
				SWIFT_COMPILATION_MODE = wholemodule;
				SWIFT_OPTIMIZATION_LEVEL = "-O";
				VALIDATE_PRODUCT = YES;
			};
			name = Release;
		};
		82F6E40C27F4C92C004B4E15 /* Debug */ = {
			isa = XCBuildConfiguration;
			buildSettings = {
				ASSETCATALOG_COMPILER_APPICON_NAME = AppIcon;
				ASSETCATALOG_COMPILER_GLOBAL_ACCENT_COLOR_NAME = AccentColor;
				CODE_SIGN_STYLE = Automatic;
				CURRENT_PROJECT_VERSION = 1;
				DEVELOPMENT_TEAM = 3868R87QJX;
				GENERATE_INFOPLIST_FILE = YES;
				INFOPLIST_FILE = ComicsVineApp/Info.plist;
				INFOPLIST_KEY_UIApplicationSupportsIndirectInputEvents = YES;
				INFOPLIST_KEY_UILaunchStoryboardName = LaunchScreen;
				INFOPLIST_KEY_UIMainStoryboardFile = Main;
				INFOPLIST_KEY_UISupportedInterfaceOrientations_iPad = "UIInterfaceOrientationPortrait UIInterfaceOrientationPortraitUpsideDown UIInterfaceOrientationLandscapeLeft UIInterfaceOrientationLandscapeRight";
				INFOPLIST_KEY_UISupportedInterfaceOrientations_iPhone = "UIInterfaceOrientationPortrait UIInterfaceOrientationLandscapeLeft UIInterfaceOrientationLandscapeRight";
				LD_RUNPATH_SEARCH_PATHS = (
					"$(inherited)",
					"@executable_path/Frameworks",
				);
				MARKETING_VERSION = 1.0;
				PRODUCT_BUNDLE_IDENTIFIER = com.romanrakhlin.ComicsVineApp;
				PRODUCT_NAME = "$(TARGET_NAME)";
				SWIFT_EMIT_LOC_STRINGS = YES;
				SWIFT_VERSION = 5.0;
				TARGETED_DEVICE_FAMILY = "1,2";
			};
			name = Debug;
		};
		82F6E40D27F4C92C004B4E15 /* Release */ = {
			isa = XCBuildConfiguration;
			buildSettings = {
				ASSETCATALOG_COMPILER_APPICON_NAME = AppIcon;
				ASSETCATALOG_COMPILER_GLOBAL_ACCENT_COLOR_NAME = AccentColor;
				CODE_SIGN_STYLE = Automatic;
				CURRENT_PROJECT_VERSION = 1;
				DEVELOPMENT_TEAM = 3868R87QJX;
				GENERATE_INFOPLIST_FILE = YES;
				INFOPLIST_FILE = ComicsVineApp/Info.plist;
				INFOPLIST_KEY_UIApplicationSupportsIndirectInputEvents = YES;
				INFOPLIST_KEY_UILaunchStoryboardName = LaunchScreen;
				INFOPLIST_KEY_UIMainStoryboardFile = Main;
				INFOPLIST_KEY_UISupportedInterfaceOrientations_iPad = "UIInterfaceOrientationPortrait UIInterfaceOrientationPortraitUpsideDown UIInterfaceOrientationLandscapeLeft UIInterfaceOrientationLandscapeRight";
				INFOPLIST_KEY_UISupportedInterfaceOrientations_iPhone = "UIInterfaceOrientationPortrait UIInterfaceOrientationLandscapeLeft UIInterfaceOrientationLandscapeRight";
				LD_RUNPATH_SEARCH_PATHS = (
					"$(inherited)",
					"@executable_path/Frameworks",
				);
				MARKETING_VERSION = 1.0;
				PRODUCT_BUNDLE_IDENTIFIER = com.romanrakhlin.ComicsVineApp;
				PRODUCT_NAME = "$(TARGET_NAME)";
				SWIFT_EMIT_LOC_STRINGS = YES;
				SWIFT_VERSION = 5.0;
				TARGETED_DEVICE_FAMILY = "1,2";
			};
			name = Release;
		};
/* End XCBuildConfiguration section */

/* Begin XCConfigurationList section */
		82F6E3F227F4C92B004B4E15 /* Build configuration list for PBXProject "ComicsVineApp" */ = {
			isa = XCConfigurationList;
			buildConfigurations = (
				82F6E40927F4C92C004B4E15 /* Debug */,
				82F6E40A27F4C92C004B4E15 /* Release */,
			);
			defaultConfigurationIsVisible = 0;
			defaultConfigurationName = Release;
		};
		82F6E40B27F4C92C004B4E15 /* Build configuration list for PBXNativeTarget "ComicsVineApp" */ = {
			isa = XCConfigurationList;
			buildConfigurations = (
				82F6E40C27F4C92C004B4E15 /* Debug */,
				82F6E40D27F4C92C004B4E15 /* Release */,
			);
			defaultConfigurationIsVisible = 0;
			defaultConfigurationName = Release;
		};
/* End XCConfigurationList section */

/* Begin XCRemoteSwiftPackageReference section */
		82AA1D5B27F793E800FC9229 /* XCRemoteSwiftPackageReference "SwiftyJSON" */ = {
			isa = XCRemoteSwiftPackageReference;
			repositoryURL = "https://github.com/SwiftyJSON/SwiftyJSON";
			requirement = {
				kind = upToNextMajorVersion;
				minimumVersion = 5.0.0;
			};
		};
/* End XCRemoteSwiftPackageReference section */

/* Begin XCSwiftPackageProductDependency section */
		82AA1D5C27F793E800FC9229 /* SwiftyJSON */ = {
			isa = XCSwiftPackageProductDependency;
			package = 82AA1D5B27F793E800FC9229 /* XCRemoteSwiftPackageReference "SwiftyJSON" */;
			productName = SwiftyJSON;
		};
/* End XCSwiftPackageProductDependency section */
	};
	rootObject = 82F6E3EF27F4C92B004B4E15 /* Project object */;
}
