// !$*UTF8*$!
{
	archiveVersion = 1;
	classes = {
	};
	objectVersion = 55;
	objects = {

/* Begin PBXBuildFile section */
		821B3D1327FA40E500D886EC /* SearchHeaderView.swift in Sources */ = {isa = PBXBuildFile; fileRef = 821B3D1227FA40E500D886EC /* SearchHeaderView.swift */; };
		827ED93627FA614100241650 /* FavoritesViewController.swift in Sources */ = {isa = PBXBuildFile; fileRef = 827ED93527FA614100241650 /* FavoritesViewController.swift */; };
		827ED93827FA62AF00241650 /* FavoritesTableViewCell.swift in Sources */ = {isa = PBXBuildFile; fileRef = 827ED93727FA62AF00241650 /* FavoritesTableViewCell.swift */; };
		827ED93B27FA666A00241650 /* FavoriteCharacters.xcdatamodeld in Sources */ = {isa = PBXBuildFile; fileRef = 827ED93927FA666A00241650 /* FavoriteCharacters.xcdatamodeld */; };
		82AA1D5327F7927800FC9229 /* CharactersCollectionViewController.swift in Sources */ = {isa = PBXBuildFile; fileRef = 82AA1D5227F7927800FC9229 /* CharactersCollectionViewController.swift */; };
		82AA1D5527F792B400FC9229 /* CharacterDetailTableViewController.swift in Sources */ = {isa = PBXBuildFile; fileRef = 82AA1D5427F792B400FC9229 /* CharacterDetailTableViewController.swift */; };
		82AA1D5D27F793E800FC9229 /* SwiftyJSON in Frameworks */ = {isa = PBXBuildFile; productRef = 82AA1D5C27F793E800FC9229 /* SwiftyJSON */; };
		82AA1D7F27F9990D00FC9229 /* NetworkManager.swift in Sources */ = {isa = PBXBuildFile; fileRef = 82AA1D7E27F9990D00FC9229 /* NetworkManager.swift */; };
		82AA1D8127F99DC600FC9229 /* APIData.swift in Sources */ = {isa = PBXBuildFile; fileRef = 82AA1D8027F99DC600FC9229 /* APIData.swift */; };
		82AA1D8527F9A3E600FC9229 /* ImageDownloader.swift in Sources */ = {isa = PBXBuildFile; fileRef = 82AA1D8427F9A3E600FC9229 /* ImageDownloader.swift */; };
		82AA1D8D27F9A75800FC9229 /* CharacterCollectionViewCell.swift in Sources */ = {isa = PBXBuildFile; fileRef = 82AA1D8C27F9A75800FC9229 /* CharacterCollectionViewCell.swift */; };
		82AA1D9727F9C86A00FC9229 /* LoadingFooterView.swift in Sources */ = {isa = PBXBuildFile; fileRef = 82AA1D9627F9C86A00FC9229 /* LoadingFooterView.swift */; };
		82F6E3FB27F4C92B004B4E15 /* AppDelegate.swift in Sources */ = {isa = PBXBuildFile; fileRef = 82F6E3FA27F4C92B004B4E15 /* AppDelegate.swift */; };
		82F6E3FD27F4C92B004B4E15 /* SceneDelegate.swift in Sources */ = {isa = PBXBuildFile; fileRef = 82F6E3FC27F4C92B004B4E15 /* SceneDelegate.swift */; };
		82F6E40227F4C92B004B4E15 /* Main.storyboard in Resources */ = {isa = PBXBuildFile; fileRef = 82F6E40027F4C92B004B4E15 /* Main.storyboard */; };
		82F6E40427F4C92C004B4E15 /* Assets.xcassets in Resources */ = {isa = PBXBuildFile; fileRef = 82F6E40327F4C92C004B4E15 /* Assets.xcassets */; };
		82F6E40727F4C92C004B4E15 /* LaunchScreen.storyboard in Resources */ = {isa = PBXBuildFile; fileRef = 82F6E40527F4C92C004B4E15 /* LaunchScreen.storyboard */; };
		82F6E40F27F4C93C004B4E15 /* Character.swift in Sources */ = {isa = PBXBuildFile; fileRef = 82F6E40E27F4C93C004B4E15 /* Character.swift */; };
		82F6E41127F4C9B6004B4E15 /* ComicsViewModel.swift in Sources */ = {isa = PBXBuildFile; fileRef = 82F6E41027F4C9B6004B4E15 /* ComicsViewModel.swift */; };
/* End PBXBuildFile section */

/* Begin PBXFileReference section */
		821B3D1227FA40E500D886EC /* SearchHeaderView.swift */ = {isa = PBXFileReference; lastKnownFileType = sourcecode.swift; path = SearchHeaderView.swift; sourceTree = "<group>"; };
		827ED93527FA614100241650 /* FavoritesViewController.swift */ = {isa = PBXFileReference; lastKnownFileType = sourcecode.swift; path = FavoritesViewController.swift; sourceTree = "<group>"; };
		827ED93727FA62AF00241650 /* FavoritesTableViewCell.swift */ = {isa = PBXFileReference; lastKnownFileType = sourcecode.swift; path = FavoritesTableViewCell.swift; sourceTree = "<group>"; };
		827ED93A27FA666A00241650 /* FavoriteCharacters.xcdatamodel */ = {isa = PBXFileReference; lastKnownFileType = wrapper.xcdatamodel; path = FavoriteCharacters.xcdatamodel; sourceTree = "<group>"; };
		82AA1D5227F7927800FC9229 /* CharactersCollectionViewController.swift */ = {isa = PBXFileReference; lastKnownFileType = sourcecode.swift; path = CharactersCollectionViewController.swift; sourceTree = "<group>"; };
		82AA1D5427F792B400FC9229 /* CharacterDetailTableViewController.swift */ = {isa = PBXFileReference; lastKnownFileType = sourcecode.swift; path = CharacterDetailTableViewController.swift; sourceTree = "<group>"; };
		82AA1D7E27F9990D00FC9229 /* NetworkManager.swift */ = {isa = PBXFileReference; lastKnownFileType = sourcecode.swift; path = NetworkManager.swift; sourceTree = "<group>"; };
		82AA1D8027F99DC600FC9229 /* APIData.swift */ = {isa = PBXFileReference; lastKnownFileType = sourcecode.swift; path = APIData.swift; sourceTree = "<group>"; };
		82AA1D8427F9A3E600FC9229 /* ImageDownloader.swift */ = {isa = PBXFileReference; lastKnownFileType = sourcecode.swift; path = ImageDownloader.swift; sourceTree = "<group>"; };
		82AA1D8C27F9A75800FC9229 /* CharacterCollectionViewCell.swift */ = {isa = PBXFileReference; lastKnownFileType = sourcecode.swift; path = CharacterCollectionViewCell.swift; sourceTree = "<group>"; };
		82AA1D9627F9C86A00FC9229 /* LoadingFooterView.swift */ = {isa = PBXFileReference; lastKnownFileType = sourcecode.swift; path = LoadingFooterView.swift; sourceTree = "<group>"; };
		82F6E3F727F4C92B004B4E15 /* ComicsVineApp.app */ = {isa = PBXFileReference; explicitFileType = wrapper.application; includeInIndex = 0; path = ComicsVineApp.app; sourceTree = BUILT_PRODUCTS_DIR; };
		82F6E3FA27F4C92B004B4E15 /* AppDelegate.swift */ = {isa = PBXFileReference; lastKnownFileType = sourcecode.swift; path = AppDelegate.swift; sourceTree = "<group>"; };
		82F6E3FC27F4C92B004B4E15 /* SceneDelegate.swift */ = {isa = PBXFileReference; lastKnownFileType = sourcecode.swift; path = SceneDelegate.swift; sourceTree = "<group>"; };
		82F6E40127F4C92B004B4E15 /* Base */ = {isa = PBXFileReference; lastKnownFileType = file.storyboard; name = Base; path = Base.lproj/Main.storyboard; sourceTree = "<group>"; };
		82F6E40327F4C92C004B4E15 /* Assets.xcassets */ = {isa = PBXFileReference; lastKnownFileType = folder.assetcatalog; path = Assets.xcassets; sourceTree = "<group>"; };
		82F6E40627F4C92C004B4E15 /* Base */ = {isa = PBXFileReference; lastKnownFileType = file.storyboard; name = Base; path = Base.lproj/LaunchScreen.storyboard; sourceTree = "<group>"; };
		82F6E40827F4C92C004B4E15 /* Info.plist */ = {isa = PBXFileReference; lastKnownFileType = text.plist.xml; path = Info.plist; sourceTree = "<group>"; };
		82F6E40E27F4C93C004B4E15 /* Character.swift */ = {isa = PBXFileReference; lastKnownFileType = sourcecode.swift; path = Character.swift; sourceTree = "<group>"; };
		82F6E41027F4C9B6004B4E15 /* ComicsViewModel.swift */ = {isa = PBXFileReference; lastKnownFileType = sourcecode.swift; path = ComicsViewModel.swift; sourceTree = "<group>"; };
		82F6E41227F4CA7D004B4E15 /* Config.xcconfig */ = {isa = PBXFileReference; lastKnownFileType = text.xcconfig; path = Config.xcconfig; sourceTree = "<group>"; };
/* End PBXFileReference section */

/* Begin PBXFrameworksBuildPhase section */
		82F6E3F427F4C92B004B4E15 /* Frameworks */ = {
			isa = PBXFrameworksBuildPhase;
			buildActionMask = 2147483647;
			files = (
				82AA1D5D27F793E800FC9229 /* SwiftyJSON in Frameworks */,
			);
			runOnlyForDeploymentPostprocessing = 0;
		};
/* End PBXFrameworksBuildPhase section */

/* Begin PBXGroup section */
		82AA1D3A27F78FA300FC9229 /* Storyboards */ = {
			isa = PBXGroup;
			children = (
				82F6E40027F4C92B004B4E15 /* Main.storyboard */,
				82F6E40527F4C92C004B4E15 /* LaunchScreen.storyboard */,
			);
			path = Storyboards;
			sourceTree = "<group>";
		};
		82AA1D7D27F9989800FC9229 /* Networking */ = {
			isa = PBXGroup;
			children = (
				82AA1D7E27F9990D00FC9229 /* NetworkManager.swift */,
				82AA1D8027F99DC600FC9229 /* APIData.swift */,
				82AA1D8427F9A3E600FC9229 /* ImageDownloader.swift */,
			);
			path = Networking;
			sourceTree = "<group>";
		};
		82F6E3EE27F4C92B004B4E15 = {
			isa = PBXGroup;
			children = (
				82F6E3F927F4C92B004B4E15 /* ComicsVineApp */,
				82F6E3F827F4C92B004B4E15 /* Products */,
			);
			sourceTree = "<group>";
		};
		82F6E3F827F4C92B004B4E15 /* Products */ = {
			isa = PBXGroup;
			children = (
				82F6E3F727F4C92B004B4E15 /* ComicsVineApp.app */,
			);
			name = Products;
			sourceTree = "<group>";
		};
		82F6E3F927F4C92B004B4E15 /* ComicsVineApp */ = {
			isa = PBXGroup;
			children = (
				82F6E40827F4C92C004B4E15 /* Info.plist */,
				82F6E3FA27F4C92B004B4E15 /* AppDelegate.swift */,
				82F6E3FC27F4C92B004B4E15 /* SceneDelegate.swift */,
				82AA1D3A27F78FA300FC9229 /* Storyboards */,
				82F6E41327F4E47D004B4E15 /* Controller */,
				82F6E41627F4E726004B4E15 /* View */,
				82F6E41427F4E709004B4E15 /* Model */,
				82F6E41527F4E712004B4E15 /* ViewModel */,
				82AA1D7D27F9989800FC9229 /* Networking */,
				82F6E40327F4C92C004B4E15 /* Assets.xcassets */,
				82F6E41227F4CA7D004B4E15 /* Config.xcconfig */,
				827ED93927FA666A00241650 /* FavoriteCharacters.xcdatamodeld */,
			);
			path = ComicsVineApp;
			sourceTree = "<group>";
		};
		82F6E41327F4E47D004B4E15 /* Controller */ = {
			isa = PBXGroup;
			children = (
				82AA1D5227F7927800FC9229 /* CharactersCollectionViewController.swift */,
				82AA1D5427F792B400FC9229 /* CharacterDetailTableViewController.swift */,
				827ED93527FA614100241650 /* FavoritesViewController.swift */,
			);
			path = Controller;
			sourceTree = "<group>";
		};
		82F6E41427F4E709004B4E15 /* Model */ = {
			isa = PBXGroup;
			children = (
				82F6E40E27F4C93C004B4E15 /* Character.swift */,
			);
			path = Model;
			sourceTree = "<group>";
		};
		82F6E41527F4E712004B4E15 /* ViewModel */ = {
			isa = PBXGroup;
			children = (
				82F6E41027F4C9B6004B4E15 /* ComicsViewModel.swift */,
			);
			path = ViewModel;
			sourceTree = "<group>";
		};
		82F6E41627F4E726004B4E15 /* View */ = {
			isa = PBXGroup;
			children = (
				821B3D1227FA40E500D886EC /* SearchHeaderView.swift */,
				82AA1D8C27F9A75800FC9229 /* CharacterCollectionViewCell.swift */,
				82AA1D9627F9C86A00FC9229 /* LoadingFooterView.swift */,
				827ED93727FA62AF00241650 /* FavoritesTableViewCell.swift */,
			);
			path = View;
			sourceTree = "<group>";
		};
/* End PBXGroup section */

/* Begin PBXNativeTarget section */
		82F6E3F627F4C92B004B4E15 /* ComicsVineApp */ = {
			isa = PBXNativeTarget;
			buildConfigurationList = 82F6E40B27F4C92C004B4E15 /* Build configuration list for PBXNativeTarget "ComicsVineApp" */;
			buildPhases = (
				82F6E3F327F4C92B004B4E15 /* Sources */,
				82F6E3F427F4C92B004B4E15 /* Frameworks */,
				82F6E3F527F4C92B004B4E15 /* Resources */,
			);
			buildRules = (
			);
			dependencies = (
			);
			name = ComicsVineApp;
			packageProductDependencies = (
				82AA1D5C27F793E800FC9229 /* SwiftyJSON */,
			);
			productName = ComicsVineApp;
			productReference = 82F6E3F727F4C92B004B4E15 /* ComicsVineApp.app */;
			productType = "com.apple.product-type.application";
		};
/* End PBXNativeTarget section */

/* Begin PBXProject section */
		82F6E3EF27F4C92B004B4E15 /* Project object */ = {
			isa = PBXProject;
			attributes = {
				BuildIndependentTargetsInParallel = 1;
				LastSwiftUpdateCheck = 1330;
				LastUpgradeCheck = 1330;
				TargetAttributes = {
					82F6E3F627F4C92B004B4E15 = {
						CreatedOnToolsVersion = 13.3;
					};
				};
			};
			buildConfigurationList = 82F6E3F227F4C92B004B4E15 /* Build configuration list for PBXProject "ComicsVineApp" */;
			compatibilityVersion = "Xcode 13.0";
			developmentRegion = en;
			hasScannedForEncodings = 0;
			knownRegions = (
				en,
				Base,
			);
			mainGroup = 82F6E3EE27F4C92B004B4E15;
			packageReferences = (
				82AA1D5B27F793E800FC9229 /* XCRemoteSwiftPackageReference "SwiftyJSON" */,
			);
			productRefGroup = 82F6E3F827F4C92B004B4E15 /* Products */;
			projectDirPath = "";
			projectRoot = "";
			targets = (
				82F6E3F627F4C92B004B4E15 /* ComicsVineApp */,
			);
		};
/* End PBXProject section */

/* Begin PBXResourcesBuildPhase section */
		82F6E3F527F4C92B004B4E15 /* Resources */ = {
			isa = PBXResourcesBuildPhase;
			buildActionMask = 2147483647;
			files = (
				82F6E40727F4C92C004B4E15 /* LaunchScreen.storyboard in Resources */,
				82F6E40427F4C92C004B4E15 /* Assets.xcassets in Resources */,
				82F6E40227F4C92B004B4E15 /* Main.storyboard in Resources */,
			);
			runOnlyForDeploymentPostprocessing = 0;
		};
/* End PBXResourcesBuildPhase section */

/* Begin PBXSourcesBuildPhase section */
		82F6E3F327F4C92B004B4E15 /* Sources */ = {
			isa = PBXSourcesBuildPhase;
			buildActionMask = 2147483647;
			files = (
				827ED93627FA614100241650 /* FavoritesViewController.swift in Sources */,
				82AA1D8D27F9A75800FC9229 /* CharacterCollectionViewCell.swift in Sources */,
				82AA1D8527F9A3E600FC9229 /* ImageDownloader.swift in Sources */,
				82F6E3FB27F4C92B004B4E15 /* AppDelegate.swift in Sources */,
				82AA1D7F27F9990D00FC9229 /* NetworkManager.swift in Sources */,
				82AA1D5527F792B400FC9229 /* CharacterDetailTableViewController.swift in Sources */,
				821B3D1327FA40E500D886EC /* SearchHeaderView.swift in Sources */,
				827ED93B27FA666A00241650 /* FavoriteCharacters.xcdatamodeld in Sources */,
				82AA1D9727F9C86A00FC9229 /* LoadingFooterView.swift in Sources */,
				82F6E3FD27F4C92B004B4E15 /* SceneDelegate.swift in Sources */,
				82AA1D8127F99DC600FC9229 /* APIData.swift in Sources */,
				82F6E41127F4C9B6004B4E15 /* ComicsViewModel.swift in Sources */,
				82F6E40F27F4C93C004B4E15 /* Character.swift in Sources */,
				82AA1D5327F7927800FC9229 /* CharactersCollectionViewController.swift in Sources */,
				827ED93827FA62AF00241650 /* FavoritesTableViewCell.swift in Sources */,
			);
			runOnlyForDeploymentPostprocessing = 0;
		};
/* End PBXSourcesBuildPhase section */

/* Begin PBXVariantGroup section */
		82F6E40027F4C92B004B4E15 /* Main.storyboard */ = {
			isa = PBXVariantGroup;
			children = (
				82F6E40127F4C92B004B4E15 /* Base */,
			);
			name = Main.storyboard;
			sourceTree = "<group>";
		};
		82F6E40527F4C92C004B4E15 /* LaunchScreen.storyboard */ = {
			isa = PBXVariantGroup;
			children = (
				82F6E40627F4C92C004B4E15 /* Base */,
			);
			name = LaunchScreen.storyboard;
			sourceTree = "<group>";
		};
/* End PBXVariantGroup section */

/* Begin XCBuildConfiguration section */
		82F6E40927F4C92C004B4E15 /* Debug */ = {
			isa = XCBuildConfiguration;
			baseConfigurationReference = 82F6E41227F4CA7D004B4E15 /* Config.xcconfig */;
			buildSettings = {
				ALWAYS_SEARCH_USER_PATHS = NO;
				CLANG_ANALYZER_NONNULL = YES;
				CLANG_ANALYZER_NUMBER_OBJECT_CONVERSION = YES_AGGRESSIVE;
				CLANG_CXX_LANGUAGE_STANDARD = "gnu++17";
				CLANG_ENABLE_MODULES = YES;
				CLANG_ENABLE_OBJC_ARC = YES;
				CLANG_ENABLE_OBJC_WEAK = YES;
				CLANG_WARN_BLOCK_CAPTURE_AUTORELEASING = YES;
				CLANG_WARN_BOOL_CONVERSION = YES;
				CLANG_WARN_COMMA = YES;
				CLANG_WARN_CONSTANT_CONVERSION = YES;
				CLANG_WARN_DEPRECATED_OBJC_IMPLEMENTATIONS = YES;
				CLANG_WARN_DIRECT_OBJC_ISA_USAGE = YES_ERROR;
				CLANG_WARN_DOCUMENTATION_COMMENTS = YES;
				CLANG_WARN_EMPTY_BODY = YES;
				CLANG_WARN_ENUM_CONVERSION = YES;
				CLANG_WARN_INFINITE_RECURSION = YES;
				CLANG_WARN_INT_CONVERSION = YES;
				CLANG_WARN_NON_LITERAL_NULL_CONVERSION = YES;
				CLANG_WARN_OBJC_IMPLICIT_RETAIN_SELF = YES;
				CLANG_WARN_OBJC_LITERAL_CONVERSION = YES;
				CLANG_WARN_OBJC_ROOT_CLASS = YES_ERROR;
				CLANG_WARN_QUOTED_INCLUDE_IN_FRAMEWORK_HEADER = YES;
				CLANG_WARN_RANGE_LOOP_ANALYSIS = YES;
				CLANG_WARN_STRICT_PROTOTYPES = YES;
				CLANG_WARN_SUSPICIOUS_MOVE = YES;
				CLANG_WARN_UNGUARDED_AVAILABILITY = YES_AGGRESSIVE;
				CLANG_WARN_UNREACHABLE_CODE = YES;
				CLANG_WARN__DUPLICATE_METHOD_MATCH = YES;
				COPY_PHASE_STRIP = NO;
				DEBUG_INFORMATION_FORMAT = dwarf;
				ENABLE_STRICT_OBJC_MSGSEND = YES;
				ENABLE_TESTABILITY = YES;
				GCC_C_LANGUAGE_STANDARD = gnu11;
				GCC_DYNAMIC_NO_PIC = NO;
				GCC_NO_COMMON_BLOCKS = YES;
				GCC_OPTIMIZATION_LEVEL = 0;
				GCC_PREPROCESSOR_DEFINITIONS = (
					"DEBUG=1",
					"$(inherited)",
				);
				GCC_WARN_64_TO_32_BIT_CONVERSION = YES;
				GCC_WARN_ABOUT_RETURN_TYPE = YES_ERROR;
				GCC_WARN_UNDECLARED_SELECTOR = YES;
				GCC_WARN_UNINITIALIZED_AUTOS = YES_AGGRESSIVE;
				GCC_WARN_UNUSED_FUNCTION = YES;
				GCC_WARN_UNUSED_VARIABLE = YES;
				IPHONEOS_DEPLOYMENT_TARGET = 15.4;
				MTL_ENABLE_DEBUG_INFO = INCLUDE_SOURCE;
				MTL_FAST_MATH = YES;
				ONLY_ACTIVE_ARCH = YES;
				SDKROOT = iphoneos;
				SWIFT_ACTIVE_COMPILATION_CONDITIONS = DEBUG;
				SWIFT_OPTIMIZATION_LEVEL = "-Onone";
			};
			name = Debug;
		};
		82F6E40A27F4C92C004B4E15 /* Release */ = {
			isa = XCBuildConfiguration;
			baseConfigurationReference = 82F6E41227F4CA7D004B4E15 /* Config.xcconfig */;
			buildSettings = {
				ALWAYS_SEARCH_USER_PATHS = NO;
				CLANG_ANALYZER_NONNULL = YES;
				CLANG_ANALYZER_NUMBER_OBJECT_CONVERSION = YES_AGGRESSIVE;
				CLANG_CXX_LANGUAGE_STANDARD = "gnu++17";
				CLANG_ENABLE_MODULES = YES;
				CLANG_ENABLE_OBJC_ARC = YES;
				CLANG_ENABLE_OBJC_WEAK = YES;
				CLANG_WARN_BLOCK_CAPTURE_AUTORELEASING = YES;
				CLANG_WARN_BOOL_CONVERSION = YES;
				CLANG_WARN_COMMA = YES;
				CLANG_WARN_CONSTANT_CONVERSION = YES;
				CLANG_WARN_DEPRECATED_OBJC_IMPLEMENTATIONS = YES;
				CLANG_WARN_DIRECT_OBJC_ISA_USAGE = YES_ERROR;
				CLANG_WARN_DOCUMENTATION_COMMENTS = YES;
				CLANG_WARN_EMPTY_BODY = YES;
				CLANG_WARN_ENUM_CONVERSION = YES;
				CLANG_WARN_INFINITE_RECURSION = YES;
				CLANG_WARN_INT_CONVERSION = YES;
				CLANG_WARN_NON_LITERAL_NULL_CONVERSION = YES;
				CLANG_WARN_OBJC_IMPLICIT_RETAIN_SELF = YES;
				CLANG_WARN_OBJC_LITERAL_CONVERSION = YES;
				CLANG_WARN_OBJC_ROOT_CLASS = YES_ERROR;
				CLANG_WARN_QUOTED_INCLUDE_IN_FRAMEWORK_HEADER = YES;
				CLANG_WARN_RANGE_LOOP_ANALYSIS = YES;
				CLANG_WARN_STRICT_PROTOTYPES = YES;
				CLANG_WARN_SUSPICIOUS_MOVE = YES;
				CLANG_WARN_UNGUARDED_AVAILABILITY = YES_AGGRESSIVE;
				CLANG_WARN_UNREACHABLE_CODE = YES;
				CLANG_WARN__DUPLICATE_METHOD_MATCH = YES;
				COPY_PHASE_STRIP = NO;
				DEBUG_INFORMATION_FORMAT = "dwarf-with-dsym";
				ENABLE_NS_ASSERTIONS = NO;
				ENABLE_STRICT_OBJC_MSGSEND = YES;
				GCC_C_LANGUAGE_STANDARD = gnu11;
				GCC_NO_COMMON_BLOCKS = YES;
				GCC_WARN_64_TO_32_BIT_CONVERSION = YES;
				GCC_WARN_ABOUT_RETURN_TYPE = YES_ERROR;
				GCC_WARN_UNDECLARED_SELECTOR = YES;
				GCC_WARN_UNINITIALIZED_AUTOS = YES_AGGRESSIVE;
				GCC_WARN_UNUSED_FUNCTION = YES;
				GCC_WARN_UNUSED_VARIABLE = YES;
				IPHONEOS_DEPLOYMENT_TARGET = 15.4;
				MTL_ENABLE_DEBUG_INFO = NO;
				MTL_FAST_MATH = YES;
				SDKROOT = iphoneos;
				SWIFT_COMPILATION_MODE = wholemodule;
				SWIFT_OPTIMIZATION_LEVEL = "-O";
				VALIDATE_PRODUCT = YES;
			};
			name = Release;
		};
		82F6E40C27F4C92C004B4E15 /* Debug */ = {
			isa = XCBuildConfiguration;
			buildSettings = {
				ASSETCATALOG_COMPILER_APPICON_NAME = AppIcon;
				ASSETCATALOG_COMPILER_GLOBAL_ACCENT_COLOR_NAME = AccentColor;
				CODE_SIGN_STYLE = Automatic;
				CURRENT_PROJECT_VERSION = 1;
				DEVELOPMENT_TEAM = 3868R87QJX;
				GENERATE_INFOPLIST_FILE = YES;
				INFOPLIST_FILE = ComicsVineApp/Info.plist;
				INFOPLIST_KEY_UIApplicationSupportsIndirectInputEvents = YES;
				INFOPLIST_KEY_UILaunchStoryboardName = LaunchScreen;
				INFOPLIST_KEY_UIMainStoryboardFile = Main;
				INFOPLIST_KEY_UISupportedInterfaceOrientations_iPad = "UIInterfaceOrientationPortrait UIInterfaceOrientationPortraitUpsideDown UIInterfaceOrientationLandscapeLeft UIInterfaceOrientationLandscapeRight";
				INFOPLIST_KEY_UISupportedInterfaceOrientations_iPhone = "UIInterfaceOrientationPortrait UIInterfaceOrientationLandscapeLeft UIInterfaceOrientationLandscapeRight";
				LD_RUNPATH_SEARCH_PATHS = (
					"$(inherited)",
					"@executable_path/Frameworks",
				);
				MARKETING_VERSION = 1.0;
				PRODUCT_BUNDLE_IDENTIFIER = com.romanrakhlin.ComicsVineApp;
				PRODUCT_NAME = "$(TARGET_NAME)";
				SWIFT_EMIT_LOC_STRINGS = YES;
				SWIFT_VERSION = 5.0;
				TARGETED_DEVICE_FAMILY = "1,2";
			};
			name = Debug;
		};
		82F6E40D27F4C92C004B4E15 /* Release */ = {
			isa = XCBuildConfiguration;
			buildSettings = {
				ASSETCATALOG_COMPILER_APPICON_NAME = AppIcon;
				ASSETCATALOG_COMPILER_GLOBAL_ACCENT_COLOR_NAME = AccentColor;
				CODE_SIGN_STYLE = Automatic;
				CURRENT_PROJECT_VERSION = 1;
				DEVELOPMENT_TEAM = 3868R87QJX;
				GENERATE_INFOPLIST_FILE = YES;
				INFOPLIST_FILE = ComicsVineApp/Info.plist;
				INFOPLIST_KEY_UIApplicationSupportsIndirectInputEvents = YES;
				INFOPLIST_KEY_UILaunchStoryboardName = LaunchScreen;
				INFOPLIST_KEY_UIMainStoryboardFile = Main;
				INFOPLIST_KEY_UISupportedInterfaceOrientations_iPad = "UIInterfaceOrientationPortrait UIInterfaceOrientationPortraitUpsideDown UIInterfaceOrientationLandscapeLeft UIInterfaceOrientationLandscapeRight";
				INFOPLIST_KEY_UISupportedInterfaceOrientations_iPhone = "UIInterfaceOrientationPortrait UIInterfaceOrientationLandscapeLeft UIInterfaceOrientationLandscapeRight";
				LD_RUNPATH_SEARCH_PATHS = (
					"$(inherited)",
					"@executable_path/Frameworks",
				);
				MARKETING_VERSION = 1.0;
				PRODUCT_BUNDLE_IDENTIFIER = com.romanrakhlin.ComicsVineApp;
				PRODUCT_NAME = "$(TARGET_NAME)";
				SWIFT_EMIT_LOC_STRINGS = YES;
				SWIFT_VERSION = 5.0;
				TARGETED_DEVICE_FAMILY = "1,2";
			};
			name = Release;
		};
/* End XCBuildConfiguration section */

/* Begin XCConfigurationList section */
		82F6E3F227F4C92B004B4E15 /* Build configuration list for PBXProject "ComicsVineApp" */ = {
			isa = XCConfigurationList;
			buildConfigurations = (
				82F6E40927F4C92C004B4E15 /* Debug */,
				82F6E40A27F4C92C004B4E15 /* Release */,
			);
			defaultConfigurationIsVisible = 0;
			defaultConfigurationName = Release;
		};
		82F6E40B27F4C92C004B4E15 /* Build configuration list for PBXNativeTarget "ComicsVineApp" */ = {
			isa = XCConfigurationList;
			buildConfigurations = (
				82F6E40C27F4C92C004B4E15 /* Debug */,
				82F6E40D27F4C92C004B4E15 /* Release */,
			);
			defaultConfigurationIsVisible = 0;
			defaultConfigurationName = Release;
		};
/* End XCConfigurationList section */

/* Begin XCRemoteSwiftPackageReference section */
		82AA1D5B27F793E800FC9229 /* XCRemoteSwiftPackageReference "SwiftyJSON" */ = {
			isa = XCRemoteSwiftPackageReference;
			repositoryURL = "https://github.com/SwiftyJSON/SwiftyJSON";
			requirement = {
				kind = upToNextMajorVersion;
				minimumVersion = 5.0.0;
			};
		};
/* End XCRemoteSwiftPackageReference section */

/* Begin XCSwiftPackageProductDependency section */
		82AA1D5C27F793E800FC9229 /* SwiftyJSON */ = {
			isa = XCSwiftPackageProductDependency;
			package = 82AA1D5B27F793E800FC9229 /* XCRemoteSwiftPackageReference "SwiftyJSON" */;
			productName = SwiftyJSON;
		};
/* End XCSwiftPackageProductDependency section */

/* Begin XCVersionGroup section */
		827ED93927FA666A00241650 /* FavoriteCharacters.xcdatamodeld */ = {
			isa = XCVersionGroup;
			children = (
				827ED93A27FA666A00241650 /* FavoriteCharacters.xcdatamodel */,
			);
			currentVersion = 827ED93A27FA666A00241650 /* FavoriteCharacters.xcdatamodel */;
			path = FavoriteCharacters.xcdatamodeld;
			sourceTree = "<group>";
			versionGroupType = wrapper.xcdatamodel;
		};
/* End XCVersionGroup section */
	};
	rootObject = 82F6E3EF27F4C92B004B4E15 /* Project object */;
}
